# THIS IS AN AUTOGENERATED FILE. DO NOT EDIT THIS FILE DIRECTLY.
# yarn lockfile v1


"@types/byline@4.2.31":
  version "4.2.31"
  resolved "https://registry.npm.alibaba-inc.com/@types/byline/download/@types/byline-4.2.31.tgz#0e61fcb9c03e047d21c4496554c7116297ab60cd"
  integrity sha1-DmH8ucA+BH0hxEllVMcRYperYM0=
  dependencies:
    "@types/node" "*"

"@types/file-type@^5.2.1":
  version "5.2.2"
  resolved "https://registry.npm.alibaba-inc.com/@types/file-type/download/@types/file-type-5.2.2.tgz#901cda395f75780c52bbc7a56fd1f5b5bc96f28f"
  integrity sha1-kBzaOV91eAxSu8elb9H1tbyW8o8=
  dependencies:
    "@types/node" "*"

"@types/mocha@2.2.43":
  version "2.2.43"
  resolved "https://registry.npm.alibaba-inc.com/@types/mocha/download/@types/mocha-2.2.43.tgz#03c54589c43ad048cbcbfd63999b55d0424eec27"
  integrity sha1-A8VFicQ60EjLy/1jmZtV0EJO7Cc=

"@types/node@*":
  version "12.7.2"
  resolved "https://registry.npm.alibaba-inc.com/@types/node/download/@types/node-12.7.2.tgz#c4e63af5e8823ce9cc3f0b34f7b998c2171f0c44"
  integrity sha1-xOY69eiCPOnMPws097mYwhcfDEQ=

"@types/node@^10.14.8":
  version "10.14.16"
  resolved "https://registry.npm.alibaba-inc.com/@types/node/download/@types/node-10.14.16.tgz#4d690c96cbb7b2728afea0e260d680501b3da5cf"
  integrity sha1-TWkMlsu3snKK/qDiYNaAUBs9pc8=

"@types/which@^1.0.28":
  version "1.3.1"
  resolved "https://registry.npm.alibaba-inc.com/@types/which/download/@types/which-1.3.1.tgz#7802c380887986ca909008afea4e08025b130f8d"
  integrity sha1-eALDgIh5hsqQkAiv6k4IAlsTD40=

agent-base@4, agent-base@^4.3.0:
  version "4.3.0"
  resolved "https://registry.npm.alibaba-inc.com/agent-base/download/agent-base-4.3.0.tgz#8165f01c436009bccad0b1d122f05ed770efc6ee"
  integrity sha1-gWXwHENgCbzK0LHRIvBe13Dvxu4=
  dependencies:
    es6-promisify "^5.0.0"

ajv@^6.5.5:
  version "6.10.2"
  resolved "https://registry.npm.alibaba-inc.com/ajv/download/ajv-6.10.2.tgz#d3cea04d6b017b2894ad69040fec8b623eb4bd52"
  integrity sha1-086gTWsBeyiUrWkED+yLYj60vVI=
  dependencies:
    fast-deep-equal "^2.0.1"
    fast-json-stable-stringify "^2.0.0"
    json-schema-traverse "^0.4.1"
    uri-js "^4.2.2"

applicationinsights@1.0.8:
  version "1.0.8"
  resolved "https://registry.npm.alibaba-inc.com/applicationinsights/download/applicationinsights-1.0.8.tgz#db6e3d983cf9f9405fe1ee5ba30ac6e1914537b5"
  integrity sha1-2249mDz5+UBf4e5bowrG4ZFFN7U=
  dependencies:
    diagnostic-channel "0.2.0"
    diagnostic-channel-publishers "0.2.1"
    zone.js "0.7.6"

asn1@~0.2.3:
  version "0.2.4"
  resolved "https://registry.npm.alibaba-inc.com/asn1/download/asn1-0.2.4.tgz#8d2475dfab553bb33e77b54e59e880bb8ce23136"
  integrity sha1-jSR136tVO7M+d7VOWeiAu4ziMTY=
  dependencies:
    safer-buffer "~2.1.0"

assert-plus@1.0.0, assert-plus@^1.0.0:
  version "1.0.0"
  resolved "https://registry.npm.alibaba-inc.com/assert-plus/download/assert-plus-1.0.0.tgz#f12e0f3c5d77b0b1cdd9146942e4e96c1e4dd525"
  integrity sha1-8S4PPF13sLHN2RRpQuTpbB5N1SU=

asynckit@^0.4.0:
  version "0.4.0"
  resolved "https://registry.npm.alibaba-inc.com/asynckit/download/asynckit-0.4.0.tgz#c79ed97f7f34cb8f2ba1bc9790bcc366474b4b79"
  integrity sha1-x57Zf380y48robyXkLzDZkdLS3k=

aws-sign2@~0.7.0:
  version "0.7.0"
  resolved "https://registry.npm.alibaba-inc.com/aws-sign2/download/aws-sign2-0.7.0.tgz#b46e890934a9591f2d2f6f86d7e6a9f1b3fe76a8"
  integrity sha1-tG6JCTSpWR8tL2+G1+ap8bP+dqg=

aws4@^1.8.0:
  version "1.8.0"
  resolved "https://registry.npm.alibaba-inc.com/aws4/download/aws4-1.8.0.tgz#f0e003d9ca9e7f59c7a508945d7b2ef9a04a542f"
  integrity sha1-8OAD2cqef1nHpQiUXXsu+aBKVC8=

balanced-match@^1.0.0:
  version "1.0.0"
  resolved "https://registry.npm.alibaba-inc.com/balanced-match/download/balanced-match-1.0.0.tgz#89b4d199ab2bee49de164ea02b89ce462d71b767"
  integrity sha1-ibTRmasr7kneFk6gK4nORi1xt2c=

bcrypt-pbkdf@^1.0.0:
  version "1.0.2"
  resolved "https://registry.npm.alibaba-inc.com/bcrypt-pbkdf/download/bcrypt-pbkdf-1.0.2.tgz#a4301d389b6a43f9b67ff3ca11a3f6637e360e9e"
  integrity sha1-pDAdOJtqQ/m2f/PKEaP2Y342Dp4=
  dependencies:
    tweetnacl "^0.14.3"

brace-expansion@^1.1.7:
  version "1.1.11"
  resolved "https://registry.npm.alibaba-inc.com/brace-expansion/download/brace-expansion-1.1.11.tgz#3c7fcbf529d87226f3d2f52b966ff5271eb441dd"
  integrity sha1-PH/L9SnYcibz0vUrlm/1Jx60Qd0=
  dependencies:
    balanced-match "^1.0.0"
    concat-map "0.0.1"

browser-stdout@1.3.0:
  version "1.3.0"
  resolved "https://registry.npm.alibaba-inc.com/browser-stdout/download/browser-stdout-1.3.0.tgz#f351d32969d32fa5d7a5567154263d928ae3bd1f"
  integrity sha1-81HTKWnTL6XXpVZxVCY9korjvR8=

browser-stdout@1.3.1:
  version "1.3.1"
  resolved "https://registry.npm.alibaba-inc.com/browser-stdout/download/browser-stdout-1.3.1.tgz#baa559ee14ced73452229bad7326467c61fabd60"
  integrity sha1-uqVZ7hTO1zRSIputcyZGfGH6vWA=

buffer-from@^1.0.0:
  version "1.1.1"
  resolved "https://registry.npm.alibaba-inc.com/buffer-from/download/buffer-from-1.1.1.tgz#32713bc028f75c02fdb710d7c7bcec1f2c6070ef"
  integrity sha1-MnE7wCj3XAL9txDXx7zsHyxgcO8=

byline@^5.0.0:
  version "5.0.0"
  resolved "https://registry.npm.alibaba-inc.com/byline/download/byline-5.0.0.tgz#741c5216468eadc457b03410118ad77de8c1ddb1"
  integrity sha1-dBxSFkaOrcRXsDQQEYrXfejB3bE=

caseless@~0.12.0:
  version "0.12.0"
  resolved "https://registry.npm.alibaba-inc.com/caseless/download/caseless-0.12.0.tgz#1b681c21ff84033c826543090689420d187151dc"
  integrity sha1-G2gcIf+EAzyCZUMJBolCDRhxUdw=

combined-stream@^1.0.6, combined-stream@~1.0.6:
  version "1.0.8"
  resolved "https://registry.npm.alibaba-inc.com/combined-stream/download/combined-stream-1.0.8.tgz#c3d45a8b34fd730631a110a8a2520682b31d5a7f"
  integrity sha1-w9RaizT9cwYxoRCoolIGgrMdWn8=
  dependencies:
    delayed-stream "~1.0.0"

commander@2.15.1:
  version "2.15.1"
  resolved "https://registry.npm.alibaba-inc.com/commander/download/commander-2.15.1.tgz#df46e867d0fc2aec66a34662b406a9ccafff5b0f"
  integrity sha1-30boZ9D8Kuxmo0ZitAapzK//Ww8=

commander@2.9.0:
  version "2.9.0"
  resolved "https://registry.npm.alibaba-inc.com/commander/download/commander-2.9.0.tgz#9c99094176e12240cb22d6c5146098400fe0f7d4"
  integrity sha1-nJkJQXbhIkDLItbFFGCYQA/g99Q=
  dependencies:
    graceful-readlink ">= 1.0.0"

concat-map@0.0.1:
  version "0.0.1"
  resolved "https://registry.npm.alibaba-inc.com/concat-map/download/concat-map-0.0.1.tgz#d8a96bd77fd68df7793a73036a3ba0d5405d477b"
  integrity sha1-2Klr13/Wjfd5OnMDajug1UBdR3s=

core-util-is@1.0.2:
  version "1.0.2"
  resolved "https://registry.npm.alibaba-inc.com/core-util-is/download/core-util-is-1.0.2.tgz#b5fd54220aa2bc5ab57aab7140c940754503c1a7"
  integrity sha1-tf1UIgqivFq1eqtxQMlAdUUDwac=

dashdash@^1.12.0:
  version "1.14.1"
  resolved "https://registry.npm.alibaba-inc.com/dashdash/download/dashdash-1.14.1.tgz#853cfa0f7cbe2fed5de20326b8dd581035f6e2f0"
  integrity sha1-hTz6D3y+L+1d4gMmuN1YEDX24vA=
  dependencies:
    assert-plus "^1.0.0"

debug@2.6.8:
  version "2.6.8"
  resolved "https://registry.npm.alibaba-inc.com/debug/download/debug-2.6.8.tgz#e731531ca2ede27d188222427da17821d68ff4fc"
  integrity sha1-5zFTHKLt4n0YgiJCfaF4IdaP9Pw=
  dependencies:
    ms "2.0.0"

debug@3.1.0:
  version "3.1.0"
  resolved "https://registry.npm.alibaba-inc.com/debug/download/debug-3.1.0.tgz#5bb5a0672628b64149566ba16819e61518c67261"
  integrity sha1-W7WgZyYotkFJVmuhaBnmFRjGcmE=
  dependencies:
    ms "2.0.0"

debug@^3.1.0:
  version "3.2.6"
  resolved "https://registry.npm.alibaba-inc.com/debug/download/debug-3.2.6.tgz#e83d17de16d8a7efb7717edbe5fb10135eee629b"
  integrity sha1-6D0X3hbYp++3cX7b5fsQE17uYps=
  dependencies:
    ms "^2.1.1"

delayed-stream@~1.0.0:
  version "1.0.0"
  resolved "https://registry.npm.alibaba-inc.com/delayed-stream/download/delayed-stream-1.0.0.tgz#df3ae199acadfb7d440aaae0b29e2272b24ec619"
  integrity sha1-3zrhmayt+31ECqrgsp4icrJOxhk=

diagnostic-channel-publishers@0.2.1:
  version "0.2.1"
  resolved "https://registry.npm.alibaba-inc.com/diagnostic-channel-publishers/download/diagnostic-channel-publishers-0.2.1.tgz#8e2d607a8b6d79fe880b548bc58cc6beb288c4f3"
  integrity sha1-ji1geottef6IC1SLxYzGvrKIxPM=

diagnostic-channel@0.2.0:
  version "0.2.0"
  resolved "https://registry.npm.alibaba-inc.com/diagnostic-channel/download/diagnostic-channel-0.2.0.tgz#cc99af9612c23fb1fff13612c72f2cbfaa8d5a17"
  integrity sha1-zJmvlhLCP7H/8TYSxy8sv6qNWhc=
  dependencies:
    semver "^5.3.0"

diff@3.2.0:
  version "3.2.0"
  resolved "https://registry.npm.alibaba-inc.com/diff/download/diff-3.2.0.tgz#c9ce393a4b7cbd0b058a725c93df299027868ff9"
  integrity sha1-yc45Okt8vQsFinJck98pkCeGj/k=

diff@3.5.0:
  version "3.5.0"
  resolved "https://registry.npm.alibaba-inc.com/diff/download/diff-3.5.0.tgz#800c0dd1e0a8bfbc95835c202ad220fe317e5a12"
  integrity sha1-gAwN0eCov7yVg1wgKtIg/jF+WhI=

ecc-jsbn@~0.1.1:
  version "0.1.2"
  resolved "https://registry.npm.alibaba-inc.com/ecc-jsbn/download/ecc-jsbn-0.1.2.tgz#3a83a904e54353287874c564b7549386849a98c9"
  integrity sha1-OoOpBOVDUyh4dMVkt1SThoSamMk=
  dependencies:
    jsbn "~0.1.0"
    safer-buffer "^2.1.0"

es6-promise@^4.0.3:
  version "4.2.8"
  resolved "https://registry.npm.alibaba-inc.com/es6-promise/download/es6-promise-4.2.8.tgz#4eb21594c972bc40553d276e510539143db53e0a"
  integrity sha1-TrIVlMlyvEBVPSduUQU5FD21Pgo=

es6-promisify@^5.0.0:
  version "5.0.0"
  resolved "https://registry.npm.alibaba-inc.com/es6-promisify/download/es6-promisify-5.0.0.tgz#5109d62f3e56ea967c4b63505aef08291c8a5203"
  integrity sha1-UQnWLz5W6pZ8S2NQWu8IKRyKUgM=
  dependencies:
    es6-promise "^4.0.3"

escape-string-regexp@1.0.5:
  version "1.0.5"
  resolved "https://registry.npm.alibaba-inc.com/escape-string-regexp/download/escape-string-regexp-1.0.5.tgz#1b61c0562190a8dff6ae3bb2cf0200ca130b86d4"
  integrity sha1-G2HAViGQqN/2rjuyzwIAyhMLhtQ=

extend@~3.0.2:
  version "3.0.2"
  resolved "https://registry.npm.alibaba-inc.com/extend/download/extend-3.0.2.tgz#f8b1136b4071fbd8eb140aff858b1019ec2915fa"
  integrity sha1-+LETa0Bx+9jrFAr/hYsQGewpFfo=

extsprintf@1.3.0:
  version "1.3.0"
  resolved "https://registry.npm.alibaba-inc.com/extsprintf/download/extsprintf-1.3.0.tgz#96918440e3041a7a414f8c52e3c574eb3c3e1e05"
  integrity sha1-lpGEQOMEGnpBT4xS48V06zw+HgU=

extsprintf@^1.2.0:
  version "1.4.0"
  resolved "https://registry.npm.alibaba-inc.com/extsprintf/download/extsprintf-1.4.0.tgz#e2689f8f356fad62cca65a3a91c5df5f9551692f"
  integrity sha1-4mifjzVvrWLMplo6kcXfX5VRaS8=

fast-deep-equal@^2.0.1:
  version "2.0.1"
  resolved "https://registry.npm.alibaba-inc.com/fast-deep-equal/download/fast-deep-equal-2.0.1.tgz#7b05218ddf9667bf7f370bf7fdb2cb15fdd0aa49"
  integrity sha1-ewUhjd+WZ79/Nwv3/bLLFf3Qqkk=

fast-json-stable-stringify@^2.0.0:
  version "2.0.0"
  resolved "https://registry.npm.alibaba-inc.com/fast-json-stable-stringify/download/fast-json-stable-stringify-2.0.0.tgz#d5142c0caee6b1189f87d3a76111064f86c8bbf2"
  integrity sha1-1RQsDK7msRifh9OnYREGT4bIu/I=

file-type@^7.2.0:
  version "7.7.1"
  resolved "https://registry.npm.alibaba-inc.com/file-type/download/file-type-7.7.1.tgz#91c2f5edb8ce70688b9b68a90d931bbb6cb21f65"
  integrity sha1-kcL17bjOcGiLm2ipDZMbu2yyH2U=

forever-agent@~0.6.1:
  version "0.6.1"
  resolved "https://registry.npm.alibaba-inc.com/forever-agent/download/forever-agent-0.6.1.tgz#fbc71f0c41adeb37f96c577ad1ed42d8fdacca91"
  integrity sha1-+8cfDEGt6zf5bFd60e1C2P2sypE=

form-data@~2.3.2:
  version "2.3.3"
  resolved "https://registry.npm.alibaba-inc.com/form-data/download/form-data-2.3.3.tgz#dcce52c05f644f298c6a7ab936bd724ceffbf3a6"
  integrity sha1-3M5SwF9kTymManq5Nr1yTO/786Y=
  dependencies:
    asynckit "^0.4.0"
    combined-stream "^1.0.6"
    mime-types "^2.1.12"

fs.realpath@^1.0.0:
  version "1.0.0"
  resolved "https://registry.npm.alibaba-inc.com/fs.realpath/download/fs.realpath-1.0.0.tgz#1504ad2523158caa40db4a2787cb01411994ea4f"
  integrity sha1-FQStJSMVjKpA20onh8sBQRmU6k8=

getpass@^0.1.1:
  version "0.1.7"
  resolved "https://registry.npm.alibaba-inc.com/getpass/download/getpass-0.1.7.tgz#5eff8e3e684d569ae4cb2b1282604e8ba62149fa"
  integrity sha1-Xv+OPmhNVprkyysSgmBOi6YhSfo=
  dependencies:
    assert-plus "^1.0.0"

glob@7.1.1:
  version "7.1.1"
  resolved "https://registry.npm.alibaba-inc.com/glob/download/glob-7.1.1.tgz#805211df04faaf1c63a3600306cdf5ade50b2ec8"
  integrity sha1-gFIR3wT6rxxjo2ADBs31reULLsg=
  dependencies:
    fs.realpath "^1.0.0"
    inflight "^1.0.4"
    inherits "2"
    minimatch "^3.0.2"
    once "^1.3.0"
    path-is-absolute "^1.0.0"

glob@7.1.2:
  version "7.1.2"
  resolved "https://registry.npm.alibaba-inc.com/glob/download/glob-7.1.2.tgz#c19c9df9a028702d678612384a6552404c636d15"
  integrity sha1-wZyd+aAocC1nhhI4SmVSQExjbRU=
  dependencies:
    fs.realpath "^1.0.0"
    inflight "^1.0.4"
    inherits "2"
    minimatch "^3.0.4"
    once "^1.3.0"
    path-is-absolute "^1.0.0"

glob@^7.1.2:
  version "7.1.4"
  resolved "https://registry.npm.alibaba-inc.com/glob/download/glob-7.1.4.tgz#aa608a2f6c577ad357e1ae5a5c26d9a8d1969255"
  integrity sha1-qmCKL2xXetNX4a5aXCbZqNGWklU=
  dependencies:
    fs.realpath "^1.0.0"
    inflight "^1.0.4"
    inherits "2"
    minimatch "^3.0.4"
    once "^1.3.0"
    path-is-absolute "^1.0.0"

"graceful-readlink@>= 1.0.0":
  version "1.0.1"
  resolved "https://registry.npm.alibaba-inc.com/graceful-readlink/download/graceful-readlink-1.0.1.tgz#4cafad76bc62f02fa039b2f94e9a3dd3a391a725"
  integrity sha1-TK+tdrxi8C+gObL5Tpo906ORpyU=

growl@1.10.5:
  version "1.10.5"
  resolved "https://registry.npm.alibaba-inc.com/growl/download/growl-1.10.5.tgz#f2735dc2283674fa67478b10181059355c369e5e"
  integrity sha1-8nNdwig2dPpnR4sQGBBZNVw2nl4=

growl@1.9.2:
  version "1.9.2"
  resolved "https://registry.npm.alibaba-inc.com/growl/download/growl-1.9.2.tgz#0ea7743715db8d8de2c5ede1775e1b45ac85c02f"
  integrity sha1-Dqd0NxXbjY3ixe3hd14bRayFwC8=

har-schema@^2.0.0:
  version "2.0.0"
  resolved "https://registry.npm.alibaba-inc.com/har-schema/download/har-schema-2.0.0.tgz#a94c2224ebcac04782a0d9035521f24735b7ec92"
  integrity sha1-qUwiJOvKwEeCoNkDVSHyRzW37JI=

har-validator@~5.1.0:
  version "5.1.3"
  resolved "https://registry.npm.alibaba-inc.com/har-validator/download/har-validator-5.1.3.tgz#1ef89ebd3e4996557675eed9893110dc350fa080"
  integrity sha1-HvievT5JllV2de7ZiTEQ3DUPoIA=
  dependencies:
    ajv "^6.5.5"
    har-schema "^2.0.0"

has-flag@^1.0.0:
  version "1.0.0"
  resolved "https://registry.npm.alibaba-inc.com/has-flag/download/has-flag-1.0.0.tgz#9d9e793165ce017a00f00418c43f942a7b1d11fa"
  integrity sha1-nZ55MWXOAXoA8AQYxD+UKnsdEfo=

has-flag@^3.0.0:
  version "3.0.0"
  resolved "https://registry.npm.alibaba-inc.com/has-flag/download/has-flag-3.0.0.tgz#b5d454dc2199ae225699f3467e5a07f3b955bafd"
  integrity sha1-tdRU3CGZriJWmfNGfloH87lVuv0=

he@1.1.1:
  version "1.1.1"
  resolved "https://registry.npm.alibaba-inc.com/he/download/he-1.1.1.tgz#93410fd21b009735151f8868c2f271f3427e23fd"
  integrity sha1-k0EP0hsAlzUVH4howvJx80J+I/0=

http-proxy-agent@^2.1.0:
  version "2.1.0"
  resolved "https://registry.npm.alibaba-inc.com/http-proxy-agent/download/http-proxy-agent-2.1.0.tgz#e4821beef5b2142a2026bd73926fe537631c5405"
  integrity sha1-5IIb7vWyFCogJr1zkm/lN2McVAU=
  dependencies:
    agent-base "4"
    debug "3.1.0"

http-signature@~1.2.0:
  version "1.2.0"
  resolved "https://registry.npm.alibaba-inc.com/http-signature/download/http-signature-1.2.0.tgz#9aecd925114772f3d95b65a60abb8f7c18fbace1"
  integrity sha1-muzZJRFHcvPZW2WmCruPfBj7rOE=
  dependencies:
    assert-plus "^1.0.0"
    jsprim "^1.2.2"
    sshpk "^1.7.0"

https-proxy-agent@^2.2.1:
  version "2.2.2"
  resolved "https://registry.npm.alibaba-inc.com/https-proxy-agent/download/https-proxy-agent-2.2.2.tgz#271ea8e90f836ac9f119daccd39c19ff7dfb0793"
  integrity sha1-Jx6o6Q+DasnxGdrM05wZ/337B5M=
  dependencies:
    agent-base "^4.3.0"
    debug "^3.1.0"

iconv-lite@^0.4.24:
  version "0.4.24"
  resolved "https://registry.npm.alibaba-inc.com/iconv-lite/download/iconv-lite-0.4.24.tgz#2022b4b25fbddc21d2f524974a474aafe733908b"
  integrity sha1-ICK0sl+93CHS9SSXSkdKr+czkIs=
  dependencies:
    safer-buffer ">= 2.1.2 < 3"

inflight@^1.0.4:
  version "1.0.6"
  resolved "https://registry.npm.alibaba-inc.com/inflight/download/inflight-1.0.6.tgz#49bd6331d7d02d0c09bc910a1075ba8165b56df9"
  integrity sha1-Sb1jMdfQLQwJvJEKEHW6gWW1bfk=
  dependencies:
    once "^1.3.0"
    wrappy "1"

inherits@2:
  version "2.0.4"
  resolved "https://registry.npm.alibaba-inc.com/inherits/download/inherits-2.0.4.tgz#0fa2c64f932917c3433a0ded55363aae37416b7c"
  integrity sha1-D6LGT5MpF8NDOg3tVTY6rjdBa3w=

is-typedarray@~1.0.0:
  version "1.0.0"
  resolved "https://registry.npm.alibaba-inc.com/is-typedarray/download/is-typedarray-1.0.0.tgz#e479c80858df0c1b11ddda6940f96011fcda4a9a"
  integrity sha1-5HnICFjfDBsR3dppQPlgEfzaSpo=

isexe@^2.0.0:
  version "2.0.0"
  resolved "https://registry.npm.alibaba-inc.com/isexe/download/isexe-2.0.0.tgz#e8fbf374dc556ff8947a10dcb0572d633f2cfa10"
  integrity sha1-6PvzdNxVb/iUehDcsFctYz8s+hA=

isstream@~0.1.2:
  version "0.1.2"
  resolved "https://registry.npm.alibaba-inc.com/isstream/download/isstream-0.1.2.tgz#47e63f7af55afa6f92e1500e690eb8b8529c099a"
  integrity sha1-R+Y/evVa+m+S4VAOaQ64uFKcCZo=

jsbn@~0.1.0:
  version "0.1.1"
  resolved "https://registry.npm.alibaba-inc.com/jsbn/download/jsbn-0.1.1.tgz#a5e654c2e5a2deb5f201d96cefbca80c0ef2f513"
  integrity sha1-peZUwuWi3rXyAdls77yoDA7y9RM=

jschardet@^1.6.0:
  version "1.6.0"
  resolved "https://registry.npm.alibaba-inc.com/jschardet/download/jschardet-1.6.0.tgz#c7d1a71edcff2839db2f9ec30fc5d5ebd3c1a678"
  integrity sha1-x9GnHtz/KDnbL57DD8XV69PBpng=

json-schema-traverse@^0.4.1:
  version "0.4.1"
  resolved "https://registry.npm.alibaba-inc.com/json-schema-traverse/download/json-schema-traverse-0.4.1.tgz#69f6a87d9513ab8bb8fe63bdb0979c448e684660"
  integrity sha1-afaofZUTq4u4/mO9sJecRI5oRmA=

json-schema@0.2.3:
  version "0.2.3"
  resolved "https://registry.npm.alibaba-inc.com/json-schema/download/json-schema-0.2.3.tgz#b480c892e59a2f05954ce727bd3f2a4e882f9e13"
  integrity sha1-tIDIkuWaLwWVTOcnvT8qTogvnhM=

json-stringify-safe@~5.0.1:
  version "5.0.1"
  resolved "https://registry.npm.alibaba-inc.com/json-stringify-safe/download/json-stringify-safe-5.0.1.tgz#1296a2d58fd45f19a0f6ce01d65701e2c735b6eb"
  integrity sha1-Epai1Y/UXxmg9s4B1lcB4sc1tus=

json3@3.3.2:
  version "3.3.2"
  resolved "https://registry.npm.alibaba-inc.com/json3/download/json3-3.3.2.tgz#3c0434743df93e2f5c42aee7b19bcb483575f4e1"
  integrity sha1-PAQ0dD35Pi9cQq7nsZvLSDV19OE=

jsprim@^1.2.2:
  version "1.4.1"
  resolved "https://registry.npm.alibaba-inc.com/jsprim/download/jsprim-1.4.1.tgz#313e66bc1e5cc06e438bc1b7499c2e5c56acb6a2"
  integrity sha1-MT5mvB5cwG5Di8G3SZwuXFastqI=
  dependencies:
    assert-plus "1.0.0"
    extsprintf "1.3.0"
    json-schema "0.2.3"
    verror "1.10.0"

lodash._baseassign@^3.0.0:
  version "3.2.0"
  resolved "https://registry.npm.alibaba-inc.com/lodash._baseassign/download/lodash._baseassign-3.2.0.tgz#8c38a099500f215ad09e59f1722fd0c52bfe0a4e"
  integrity sha1-jDigmVAPIVrQnlnxci/QxSv+Ck4=
  dependencies:
    lodash._basecopy "^3.0.0"
    lodash.keys "^3.0.0"

lodash._basecopy@^3.0.0:
  version "3.0.1"
  resolved "https://registry.npm.alibaba-inc.com/lodash._basecopy/download/lodash._basecopy-3.0.1.tgz#8da0e6a876cf344c0ad8a54882111dd3c5c7ca36"
  integrity sha1-jaDmqHbPNEwK2KVIghEd08XHyjY=

lodash._basecreate@^3.0.0:
  version "3.0.3"
  resolved "https://registry.npm.alibaba-inc.com/lodash._basecreate/download/lodash._basecreate-3.0.3.tgz#1bc661614daa7fc311b7d03bf16806a0213cf821"
  integrity sha1-G8ZhYU2qf8MRt9A78WgGoCE8+CE=

lodash._getnative@^3.0.0:
  version "3.9.1"
  resolved "https://registry.npm.alibaba-inc.com/lodash._getnative/download/lodash._getnative-3.9.1.tgz#570bc7dede46d61cdcde687d65d3eecbaa3aaff5"
  integrity sha1-VwvH3t5G1hzc3mh9ZdPuy6o6r/U=

lodash._isiterateecall@^3.0.0:
  version "3.0.9"
  resolved "https://registry.npm.alibaba-inc.com/lodash._isiterateecall/download/lodash._isiterateecall-3.0.9.tgz#5203ad7ba425fae842460e696db9cf3e6aac057c"
  integrity sha1-UgOte6Ql+uhCRg5pbbnPPmqsBXw=

lodash.create@3.1.1:
  version "3.1.1"
  resolved "https://registry.npm.alibaba-inc.com/lodash.create/download/lodash.create-3.1.1.tgz#d7f2849f0dbda7e04682bb8cd72ab022461debe7"
  integrity sha1-1/KEnw29p+BGgruM1yqwIkYd6+c=
  dependencies:
    lodash._baseassign "^3.0.0"
    lodash._basecreate "^3.0.0"
    lodash._isiterateecall "^3.0.0"

lodash.isarguments@^3.0.0:
  version "3.1.0"
  resolved "https://registry.npm.alibaba-inc.com/lodash.isarguments/download/lodash.isarguments-3.1.0.tgz#2f573d85c6a24289ff00663b491c1d338ff3458a"
  integrity sha1-L1c9hcaiQon/AGY7SRwdM4/zRYo=

lodash.isarray@^3.0.0:
  version "3.0.4"
  resolved "https://registry.npm.alibaba-inc.com/lodash.isarray/download/lodash.isarray-3.0.4.tgz#79e4eb88c36a8122af86f844aa9bcd851b5fbb55"
  integrity sha1-eeTriMNqgSKvhvhEqpvNhRtfu1U=

lodash.keys@^3.0.0:
  version "3.1.2"
  resolved "https://registry.npm.alibaba-inc.com/lodash.keys/download/lodash.keys-3.1.2.tgz#4dbc0472b156be50a0b286855d1bd0b0c656098a"
  integrity sha1-TbwEcrFWvlCgsoaFXRvQsMZWCYo=
  dependencies:
    lodash._getnative "^3.0.0"
    lodash.isarguments "^3.0.0"
    lodash.isarray "^3.0.0"

mime-db@1.40.0:
  version "1.40.0"
  resolved "https://registry.npm.alibaba-inc.com/mime-db/download/mime-db-1.40.0.tgz#a65057e998db090f732a68f6c276d387d4126c32"
  integrity sha1-plBX6ZjbCQ9zKmj2wnbTh9QSbDI=

mime-types@^2.1.12, mime-types@~2.1.19:
  version "2.1.24"
  resolved "https://registry.npm.alibaba-inc.com/mime-types/download/mime-types-2.1.24.tgz#b6f8d0b3e951efb77dedeca194cff6d16f676f81"
  integrity sha1-tvjQs+lR77d97eyhlM/20W9nb4E=
  dependencies:
    mime-db "1.40.0"

minimatch@3.0.4, minimatch@^3.0.2, minimatch@^3.0.4:
  version "3.0.4"
  resolved "https://registry.npm.alibaba-inc.com/minimatch/download/minimatch-3.0.4.tgz#5166e286457f03306064be5497e8dbb0c3d32083"
  integrity sha1-UWbihkV/AzBgZL5Ul+jbsMPTIIM=
  dependencies:
    brace-expansion "^1.1.7"

minimist@0.0.8:
  version "0.0.8"
  resolved "https://registry.npm.alibaba-inc.com/minimist/download/minimist-0.0.8.tgz#857fcabfc3397d2625b8228262e86aa7a011b05d"
  integrity sha1-hX/Kv8M5fSYluCKCYuhqp6ARsF0=

mkdirp@0.5.1:
  version "0.5.1"
  resolved "https://registry.npm.alibaba-inc.com/mkdirp/download/mkdirp-0.5.1.tgz#30057438eac6cf7f8c4767f38648d6697d75c903"
  integrity sha1-MAV0OOrGz3+MR2fzhkjWaX11yQM=
  dependencies:
    minimist "0.0.8"

mocha@^3.2.0:
  version "3.5.3"
  resolved "https://registry.npm.alibaba-inc.com/mocha/download/mocha-3.5.3.tgz#1e0480fe36d2da5858d1eb6acc38418b26eaa20d"
  integrity sha1-HgSA/jbS2lhY0etqzDhBiybqog0=
  dependencies:
    browser-stdout "1.3.0"
    commander "2.9.0"
    debug "2.6.8"
    diff "3.2.0"
    escape-string-regexp "1.0.5"
    glob "7.1.1"
    growl "1.9.2"
    he "1.1.1"
    json3 "3.3.2"
    lodash.create "3.1.1"
    mkdirp "0.5.1"
    supports-color "3.1.2"

mocha@^5.2.0:
  version "5.2.0"
  resolved "https://registry.npm.alibaba-inc.com/mocha/download/mocha-5.2.0.tgz#6d8ae508f59167f940f2b5b3c4a612ae50c90ae6"
  integrity sha1-bYrlCPWRZ/lA8rWzxKYSrlDJCuY=
  dependencies:
    browser-stdout "1.3.1"
    commander "2.15.1"
    debug "3.1.0"
    diff "3.5.0"
    escape-string-regexp "1.0.5"
    glob "7.1.2"
    growl "1.10.5"
    he "1.1.1"
    minimatch "3.0.4"
    mkdirp "0.5.1"
    supports-color "5.4.0"

ms@2.0.0:
  version "2.0.0"
  resolved "https://registry.npm.alibaba-inc.com/ms/download/ms-2.0.0.tgz#5608aeadfc00be6c2901df5f9861788de0d597c8"
  integrity sha1-VgiurfwAvmwpAd9fmGF4jeDVl8g=

ms@^2.1.1:
  version "2.1.2"
  resolved "https://registry.npm.alibaba-inc.com/ms/download/ms-2.1.2.tgz#d09d1f357b443f493382a8eb3ccd183872ae6009"
  integrity sha1-0J0fNXtEP0kzgqjrPM0YOHKuYAk=

oauth-sign@~0.9.0:
  version "0.9.0"
  resolved "https://registry.npm.alibaba-inc.com/oauth-sign/download/oauth-sign-0.9.0.tgz#47a7b016baa68b5fa0ecf3dee08a85c679ac6455"
  integrity sha1-R6ewFrqmi1+g7PPe4IqFxnmsZFU=

once@^1.3.0:
  version "1.4.0"
  resolved "https://registry.npm.alibaba-inc.com/once/download/once-1.4.0.tgz#583b1aa775961d4b113ac17d9c50baef9dd76bd1"
  integrity sha1-WDsap3WWHUsROsF9nFC6753Xa9E=
  dependencies:
    wrappy "1"

path-is-absolute@^1.0.0:
  version "1.0.1"
  resolved "https://registry.npm.alibaba-inc.com/path-is-absolute/download/path-is-absolute-1.0.1.tgz#174b9268735534ffbc7ace6bf53a5a9e1b5c5f5f"
  integrity sha1-F0uSaHNVNP+8es5r9TpanhtcX18=

performance-now@^2.1.0:
  version "2.1.0"
  resolved "https://registry.npm.alibaba-inc.com/performance-now/download/performance-now-2.1.0.tgz#6309f4e0e5fa913ec1c69307ae364b4b377c9e7b"
  integrity sha1-Ywn04OX6kT7BxpMHrjZLSzd8nns=

psl@^1.1.24:
  version "1.3.0"
  resolved "https://registry.npm.alibaba-inc.com/psl/download/psl-1.3.0.tgz#e1ebf6a3b5564fa8376f3da2275da76d875ca1bd"
  integrity sha1-4ev2o7VWT6g3bz2iJ12nbYdcob0=

punycode@^1.4.1:
  version "1.4.1"
  resolved "https://registry.npm.alibaba-inc.com/punycode/download/punycode-1.4.1.tgz#c0d5a63b2718800ad8e1eb0fa5269c84dd41845e"
  integrity sha1-wNWmOycYgArY4esPpSachN1BhF4=

punycode@^2.1.0:
  version "2.1.1"
  resolved "https://registry.npm.alibaba-inc.com/punycode/download/punycode-2.1.1.tgz#b58b010ac40c22c5657616c8d2c2c02c7bf479ec"
  integrity sha1-tYsBCsQMIsVldhbI0sLALHv0eew=

qs@~6.5.2:
  version "6.5.2"
  resolved "https://registry.npm.alibaba-inc.com/qs/download/qs-6.5.2.tgz#cb3ae806e8740444584ef154ce8ee98d403f3e36"
  integrity sha1-yzroBuh0BERYTvFUzo7pjUA/PjY=

querystringify@^2.1.1:
  version "2.1.1"
  resolved "https://registry.npm.alibaba-inc.com/querystringify/download/querystringify-2.1.1.tgz#60e5a5fd64a7f8bfa4d2ab2ed6fdf4c85bad154e"
  integrity sha1-YOWl/WSn+L+k0qsu1v30yFutFU4=

request@^2.88.0:
  version "2.88.0"
  resolved "https://registry.npm.alibaba-inc.com/request/download/request-2.88.0.tgz#9c2fca4f7d35b592efe57c7f0a55e81052124fef"
  integrity sha1-nC/KT301tZLv5Xx/ClXoEFIST+8=
  dependencies:
    aws-sign2 "~0.7.0"
    aws4 "^1.8.0"
    caseless "~0.12.0"
    combined-stream "~1.0.6"
    extend "~3.0.2"
    forever-agent "~0.6.1"
    form-data "~2.3.2"
    har-validator "~5.1.0"
    http-signature "~1.2.0"
    is-typedarray "~1.0.0"
    isstream "~0.1.2"
    json-stringify-safe "~5.0.1"
    mime-types "~2.1.19"
    oauth-sign "~0.9.0"
    performance-now "^2.1.0"
    qs "~6.5.2"
    safe-buffer "^5.1.2"
    tough-cookie "~2.4.3"
    tunnel-agent "^0.6.0"
    uuid "^3.3.2"

requires-port@^1.0.0:
  version "1.0.0"
  resolved "https://registry.npm.alibaba-inc.com/requires-port/download/requires-port-1.0.0.tgz#925d2601d39ac485e091cf0da5c6e694dc3dcaff"
  integrity sha1-kl0mAdOaxIXgkc8NpcbmlNw9yv8=

safe-buffer@^5.0.1, safe-buffer@^5.1.2:
  version "5.2.0"
  resolved "https://registry.npm.alibaba-inc.com/safe-buffer/download/safe-buffer-5.2.0.tgz#b74daec49b1148f88c64b68d49b1e815c1f2f519"
  integrity sha1-t02uxJsRSPiMZLaNSbHoFcHy9Rk=

"safer-buffer@>= 2.1.2 < 3", safer-buffer@^2.0.2, safer-buffer@^2.1.0, safer-buffer@~2.1.0:
  version "2.1.2"
  resolved "https://registry.npm.alibaba-inc.com/safer-buffer/download/safer-buffer-2.1.2.tgz#44fa161b0187b9549dd84bb91802f9bd8385cd6a"
  integrity sha1-RPoWGwGHuVSd2Eu5GAL5vYOFzWo=

semver@^5.3.0, semver@^5.4.1:
  version "5.7.1"
  resolved "https://registry.npm.alibaba-inc.com/semver/download/semver-5.7.1.tgz#a954f931aeba508d307bbf069eff0c01c96116f7"
  integrity sha1-qVT5Ma66UI0we78Gnv8MAclhFvc=

source-map-support@^0.5.0:
  version "0.5.13"
  resolved "https://registry.npm.alibaba-inc.com/source-map-support/download/source-map-support-0.5.13.tgz#31b24a9c2e73c2de85066c0feb7d44767ed52932"
  integrity sha1-MbJKnC5zwt6FBmwP631Edn7VKTI=
  dependencies:
    buffer-from "^1.0.0"
    source-map "^0.6.0"

source-map@^0.6.0:
  version "0.6.1"
  resolved "https://registry.npm.alibaba-inc.com/source-map/download/source-map-0.6.1.tgz#74722af32e9614e9c287a8d0bbde48b5e2f1a263"
  integrity sha1-dHIq8y6WFOnCh6jQu95IteLxomM=

sshpk@^1.7.0:
  version "1.16.1"
  resolved "https://registry.npm.alibaba-inc.com/sshpk/download/sshpk-1.16.1.tgz#fb661c0bef29b39db40769ee39fa70093d6f6877"
  integrity sha1-+2YcC+8ps520B2nuOfpwCT1vaHc=
  dependencies:
    asn1 "~0.2.3"
    assert-plus "^1.0.0"
    bcrypt-pbkdf "^1.0.0"
    dashdash "^1.12.0"
    ecc-jsbn "~0.1.1"
    getpass "^0.1.1"
    jsbn "~0.1.0"
    safer-buffer "^2.0.2"
    tweetnacl "~0.14.0"

supports-color@3.1.2:
  version "3.1.2"
  resolved "https://registry.npm.alibaba-inc.com/supports-color/download/supports-color-3.1.2.tgz#72a262894d9d408b956ca05ff37b2ed8a6e2a2d5"
  integrity sha1-cqJiiU2dQIuVbKBf83su2KbiotU=
  dependencies:
    has-flag "^1.0.0"

supports-color@5.4.0:
  version "5.4.0"
  resolved "https://registry.npm.alibaba-inc.com/supports-color/download/supports-color-5.4.0.tgz#1c6b337402c2137605efe19f10fec390f6faab54"
  integrity sha1-HGszdALCE3YF7+GfEP7DkPb6q1Q=
  dependencies:
    has-flag "^3.0.0"

tough-cookie@~2.4.3:
  version "2.4.3"
  resolved "https://registry.npm.alibaba-inc.com/tough-cookie/download/tough-cookie-2.4.3.tgz#53f36da3f47783b0925afa06ff9f3b165280f781"
  integrity sha1-U/Nto/R3g7CSWvoG/587FlKA94E=
  dependencies:
    psl "^1.1.24"
    punycode "^1.4.1"

tunnel-agent@^0.6.0:
  version "0.6.0"
  resolved "https://registry.npm.alibaba-inc.com/tunnel-agent/download/tunnel-agent-0.6.0.tgz#27a5dea06b36b04a0a9966774b290868f0fc40fd"
  integrity sha1-J6XeoGs2sEoKmWZ3SykIaPD8QP0=
  dependencies:
    safe-buffer "^5.0.1"

tweetnacl@^0.14.3, tweetnacl@~0.14.0:
  version "0.14.5"
  resolved "https://registry.npm.alibaba-inc.com/tweetnacl/download/tweetnacl-0.14.5.tgz#5ae68177f192d4456269d108afa93ff8743f4f64"
  integrity sha1-WuaBd/GS1EViadEIr6k/+HQ/T2Q=

uri-js@^4.2.2:
  version "4.2.2"
  resolved "https://registry.npm.alibaba-inc.com/uri-js/download/uri-js-4.2.2.tgz#94c540e1ff772956e2299507c010aea6c8838eb0"
  integrity sha1-lMVA4f93KVbiKZUHwBCupsiDjrA=
  dependencies:
    punycode "^2.1.0"

url-parse@^1.4.4:
  version "1.4.7"
  resolved "https://registry.npm.alibaba-inc.com/url-parse/download/url-parse-1.4.7.tgz#a8a83535e8c00a316e403a5db4ac1b9b853ae278"
  integrity sha1-qKg1NejACjFuQDpdtKwbm4U64ng=
  dependencies:
    querystringify "^2.1.1"
    requires-port "^1.0.0"

uuid@^3.3.2:
  version "3.3.3"
  resolved "https://registry.npm.alibaba-inc.com/uuid/download/uuid-3.3.3.tgz#4568f0216e78760ee1dbf3a4d2cf53e224112866"
  integrity sha1-RWjwIW54dg7h2/Ok0s9T4iQRKGY=

verror@1.10.0:
  version "1.10.0"
  resolved "https://registry.npm.alibaba-inc.com/verror/download/verror-1.10.0.tgz#3a105ca17053af55d6e270c1f8288682e18da400"
  integrity sha1-OhBcoXBTr1XW4nDB+CiGguGNpAA=
  dependencies:
    assert-plus "^1.0.0"
    core-util-is "1.0.2"
    extsprintf "^1.2.0"

vscode-extension-telemetry@0.1.1:
  version "0.1.1"
  resolved "https://registry.npm.alibaba-inc.com/vscode-extension-telemetry/download/vscode-extension-telemetry-0.1.1.tgz#91387e06b33400c57abd48979b0e790415ae110b"
  integrity sha1-kTh+BrM0AMV6vUiXmw55BBWuEQs=
  dependencies:
    applicationinsights "1.0.8"

vscode-nls@^4.0.0:
  version "4.1.1"
  resolved "https://registry.npm.alibaba-inc.com/vscode-nls/download/vscode-nls-4.1.1.tgz#f9916b64e4947b20322defb1e676a495861f133c"
  integrity sha1-+ZFrZOSUeyAyLe+x5naklYYfEzw=

vscode-test@^0.4.1:
  version "0.4.3"
  resolved "https://registry.npm.alibaba-inc.com/vscode-test/download/vscode-test-0.4.3.tgz#461ebf25fc4bc93d77d982aed556658a2e2b90b8"
  integrity sha1-Rh6/JfxLyT132YKu1VZlii4rkLg=
  dependencies:
    http-proxy-agent "^2.1.0"
    https-proxy-agent "^2.2.1"

vscode-uri@^2.0.0:
  version "2.0.3"
  resolved "https://registry.npm.alibaba-inc.com/vscode-uri/download/vscode-uri-2.0.3.tgz#25e5f37f552fbee3cec7e5f80cef8469cefc6543"
  integrity sha1-JeXzf1UvvuPOx+X4DO+Eac78ZUM=

vscode@^1.1.36:
  version "1.1.36"
  resolved "https://registry.npm.alibaba-inc.com/vscode/download/vscode-1.1.36.tgz#5e1a0d1bf4977d0c7bc5159a9a13d5b104d4b1b6"
  integrity sha1-XhoNG/SXfQx7xRWamhPVsQTUsbY=
  dependencies:
    glob "^7.1.2"
    mocha "^5.2.0"
    request "^2.88.0"
    semver "^5.4.1"
    source-map-support "^0.5.0"
    url-parse "^1.4.4"
    vscode-test "^0.4.1"

which@^1.3.0:
  version "1.3.1"
  resolved "https://registry.npm.alibaba-inc.com/which/download/which-1.3.1.tgz#a45043d54f5805316da8d62f9f50918d3da70b0a"
  integrity sha1-pFBD1U9YBTFtqNYvn1CRjT2nCwo=
  dependencies:
    isexe "^2.0.0"

wrappy@1:
  version "1.0.2"
  resolved "https://registry.npm.alibaba-inc.com/wrappy/download/wrappy-1.0.2.tgz#b5243d8f3ec1aa35f1364605bc0d1036e30ab69f"
  integrity sha1-tSQ9jz7BqjXxNkYFvA0QNuMKtp8=

zone.js@0.7.6:
  version "0.7.6"
  resolved "https://registry.npm.alibaba-inc.com/zone.js/download/zone.js-0.7.6.tgz#fbbc39d3e0261d0986f1ba06306eb3aeb0d22009"
  integrity sha1-+7w50+AmHQmG8boGMG6zrrDSIAk=
