{
	"name": "@ali/ide-layout",
	"version": "0.0.9",
	"lockfileVersion": 1,
	"requires": true,
	"dependencies": {
		"@types/node": {
			"version": "10.14.6",
			"resolved": "https://registry.npm.alibaba-inc.com/@types/node/download/@types/node-10.14.6.tgz",
			"integrity": "sha1-nL/LYsUJRyF/TYjU0nTMQMImJak=",
			"dev": true
		},
		"@types/react": {
			"version": "16.8.17",
			"resolved": "https://registry.npm.alibaba-inc.com/@types/react/download/@types/react-16.8.17.tgz",
			"integrity": "sha1-8oe3alutuTvJqj9UUho+tT1sI3Q=",
			"dev": true,
			"requires": {
				"@types/prop-types": "*",
				"csstype": "^2.2.0"
			},
			"dependencies": {
				"@types/prop-types": {
					"version": "15.7.1",
					"resolved": "https://registry.npm.alibaba-inc.com/@types/prop-types/download/@types/prop-types-15.7.1.tgz",
					"integrity": "sha1-8aEee6uww8rWgQC+OB0eBkxo8fY=",
					"dev": true
				},
				"csstype": {
					"version": "2.6.4",
					"resolved": "https://registry.npm.alibaba-inc.com/csstype/download/csstype-2.6.4.tgz",
					"integrity": "sha1-1YWmBiCW4yTnGH+A4E+SvQ8A438=",
					"dev": true
				}
			}
		},
		"typescript": {
			"version": "3.4.5",
			"resolved": "https://registry.npm.alibaba-inc.com/typescript/download/typescript-3.4.5.tgz",
			"integrity": "sha1-LSYY0Qu1ZlcrjXqtUYDYQlfXCpk=",
			"dev": true
		}
	}
}
